// !$*UTF8*$!
{
	archiveVersion = 1;
	classes = {
	};
	objectVersion = 56;
	objects = {

/* Begin PBXBuildFile section */
		342D42662AAA4D8100F9F0EA /* AppDelegate.swift in Sources */ = {isa = PBXBuildFile; fileRef = 342D42652AAA4D8100F9F0EA /* AppDelegate.swift */; };
		342D42682AAA4D8100F9F0EA /* SceneDelegate.swift in Sources */ = {isa = PBXBuildFile; fileRef = 342D42672AAA4D8100F9F0EA /* SceneDelegate.swift */; };
		342D426A2AAA4D8100F9F0EA /* ViewController.swift in Sources */ = {isa = PBXBuildFile; fileRef = 342D42692AAA4D8100F9F0EA /* ViewController.swift */; };
		342D426D2AAA4D8100F9F0EA /* Main.storyboard in Resources */ = {isa = PBXBuildFile; fileRef = 342D426B2AAA4D8100F9F0EA /* Main.storyboard */; };
		342D426F2AAA4D8200F9F0EA /* Assets.xcassets in Resources */ = {isa = PBXBuildFile; fileRef = 342D426E2AAA4D8200F9F0EA /* Assets.xcassets */; };
		342D42722AAA4D8200F9F0EA /* LaunchScreen.storyboard in Resources */ = {isa = PBXBuildFile; fileRef = 342D42702AAA4D8200F9F0EA /* LaunchScreen.storyboard */; };
		342D427A2AAA9A2400F9F0EA /* QuizViewController.swift in Sources */ = {isa = PBXBuildFile; fileRef = 342D42792AAA9A2400F9F0EA /* QuizViewController.swift */; };
		342D427C2AAAB49300F9F0EA /* Quiz.swift in Sources */ = {isa = PBXBuildFile; fileRef = 342D427B2AAAB49300F9F0EA /* Quiz.swift */; };
		342D427E2AAAC47200F9F0EA /* ResultViewController.swift in Sources */ = {isa = PBXBuildFile; fileRef = 342D427D2AAAC47200F9F0EA /* ResultViewController.swift */; };
/* End PBXBuildFile section */

/* Begin PBXFileReference section */
		342D42622AAA4D8100F9F0EA /* IQuiz.app */ = {isa = PBXFileReference; explicitFileType = wrapper.application; includeInIndex = 0; path = IQuiz.app; sourceTree = BUILT_PRODUCTS_DIR; };
		342D42652AAA4D8100F9F0EA /* AppDelegate.swift */ = {isa = PBXFileReference; lastKnownFileType = sourcecode.swift; path = AppDelegate.swift; sourceTree = "<group>"; };
		342D42672AAA4D8100F9F0EA /* SceneDelegate.swift */ = {isa = PBXFileReference; lastKnownFileType = sourcecode.swift; path = SceneDelegate.swift; sourceTree = "<group>"; };
		342D42692AAA4D8100F9F0EA /* ViewController.swift */ = {isa = PBXFileReference; lastKnownFileType = sourcecode.swift; path = ViewController.swift; sourceTree = "<group>"; };
		342D426C2AAA4D8100F9F0EA /* Base */ = {isa = PBXFileReference; lastKnownFileType = file.storyboard; name = Base; path = Base.lproj/Main.storyboard; sourceTree = "<group>"; };
		342D426E2AAA4D8200F9F0EA /* Assets.xcassets */ = {isa = PBXFileReference; lastKnownFileType = folder.assetcatalog; path = Assets.xcassets; sourceTree = "<group>"; };
		342D42712AAA4D8200F9F0EA /* Base */ = {isa = PBXFileReference; lastKnownFileType = file.storyboard; name = Base; path = Base.lproj/LaunchScreen.storyboard; sourceTree = "<group>"; };
		342D42732AAA4D8200F9F0EA /* Info.plist */ = {isa = PBXFileReference; lastKnownFileType = text.plist.xml; path = Info.plist; sourceTree = "<group>"; };
		342D42792AAA9A2400F9F0EA /* QuizViewController.swift */ = {isa = PBXFileReference; lastKnownFileType = sourcecode.swift; path = QuizViewController.swift; sourceTree = "<group>"; };
		342D427B2AAAB49300F9F0EA /* Quiz.swift */ = {isa = PBXFileReference; lastKnownFileType = sourcecode.swift; path = Quiz.swift; sourceTree = "<group>"; };
		342D427D2AAAC47200F9F0EA /* ResultViewController.swift */ = {isa = PBXFileReference; lastKnownFileType = sourcecode.swift; path = ResultViewController.swift; sourceTree = "<group>"; };
/* End PBXFileReference section */

/* Begin PBXFrameworksBuildPhase section */
		342D425F2AAA4D8100F9F0EA /* Frameworks */ = {
			isa = PBXFrameworksBuildPhase;
			buildActionMask = 2147483647;
			files = (
			);
			runOnlyForDeploymentPostprocessing = 0;
		};
/* End PBXFrameworksBuildPhase section */

/* Begin PBXGroup section */
		342D42592AAA4D8100F9F0EA = {
			isa = PBXGroup;
			children = (
				342D42642AAA4D8100F9F0EA /* IQuiz */,
				342D42632AAA4D8100F9F0EA /* Products */,
			);
			sourceTree = "<group>";
		};
		342D42632AAA4D8100F9F0EA /* Products */ = {
			isa = PBXGroup;
			children = (
				342D42622AAA4D8100F9F0EA /* IQuiz.app */,
			);
			name = Products;
			sourceTree = "<group>";
		};
		342D42642AAA4D8100F9F0EA /* IQuiz */ = {
			isa = PBXGroup;
			children = (
				342D42802AAAD44B00F9F0EA /* Models */,
				342D427F2AAAD42C00F9F0EA /* ViewControllers */,
				342D42652AAA4D8100F9F0EA /* AppDelegate.swift */,
				342D42672AAA4D8100F9F0EA /* SceneDelegate.swift */,
				342D426B2AAA4D8100F9F0EA /* Main.storyboard */,
				342D426E2AAA4D8200F9F0EA /* Assets.xcassets */,
				342D42702AAA4D8200F9F0EA /* LaunchScreen.storyboard */,
				342D42732AAA4D8200F9F0EA /* Info.plist */,
			);
			path = IQuiz;
			sourceTree = "<group>";
		};
		342D427F2AAAD42C00F9F0EA /* ViewControllers */ = {
			isa = PBXGroup;
			children = (
				342D427D2AAAC47200F9F0EA /* ResultViewController.swift */,
				342D42792AAA9A2400F9F0EA /* QuizViewController.swift */,
				342D42692AAA4D8100F9F0EA /* ViewController.swift */,
			);
			path = ViewControllers;
			sourceTree = "<group>";
		};
		342D42802AAAD44B00F9F0EA /* Models */ = {
			isa = PBXGroup;
			children = (
				342D427B2AAAB49300F9F0EA /* Quiz.swift */,
			);
			path = Models;
			sourceTree = "<group>";
		};
/* End PBXGroup section */

/* Begin PBXNativeTarget section */
		342D42612AAA4D8100F9F0EA /* IQuiz */ = {
			isa = PBXNativeTarget;
			buildConfigurationList = 342D42762AAA4D8200F9F0EA /* Build configuration list for PBXNativeTarget "IQuiz" */;
			buildPhases = (
				342D425E2AAA4D8100F9F0EA /* Sources */,
				342D425F2AAA4D8100F9F0EA /* Frameworks */,
				342D42602AAA4D8100F9F0EA /* Resources */,
			);
			buildRules = (
			);
			dependencies = (
			);
			name = IQuiz;
			productName = IQuiz;
			productReference = 342D42622AAA4D8100F9F0EA /* IQuiz.app */;
			productType = "com.apple.product-type.application";
		};
/* End PBXNativeTarget section */

/* Begin PBXProject section */
		342D425A2AAA4D8100F9F0EA /* Project object */ = {
			isa = PBXProject;
			attributes = {
				BuildIndependentTargetsInParallel = 1;
				LastSwiftUpdateCheck = 1430;
				LastUpgradeCheck = 1430;
				TargetAttributes = {
					342D42612AAA4D8100F9F0EA = {
						CreatedOnToolsVersion = 14.3.1;
					};
				};
			};
			buildConfigurationList = 342D425D2AAA4D8100F9F0EA /* Build configuration list for PBXProject "IQuiz" */;
			compatibilityVersion = "Xcode 14.0";
			developmentRegion = en;
			hasScannedForEncodings = 0;
			knownRegions = (
				en,
				Base,
			);
			mainGroup = 342D42592AAA4D8100F9F0EA;
			productRefGroup = 342D42632AAA4D8100F9F0EA /* Products */;
			projectDirPath = "";
			projectRoot = "";
			targets = (
				342D42612AAA4D8100F9F0EA /* IQuiz */,
			);
		};
/* End PBXProject section */

/* Begin PBXResourcesBuildPhase section */
		342D42602AAA4D8100F9F0EA /* Resources */ = {
			isa = PBXResourcesBuildPhase;
			buildActionMask = 2147483647;
			files = (
				342D42722AAA4D8200F9F0EA /* LaunchScreen.storyboard in Resources */,
				342D426F2AAA4D8200F9F0EA /* Assets.xcassets in Resources */,
				342D426D2AAA4D8100F9F0EA /* Main.storyboard in Resources */,
			);
			runOnlyForDeploymentPostprocessing = 0;
		};
/* End PBXResourcesBuildPhase section */

/* Begin PBXSourcesBuildPhase section */
		342D425E2AAA4D8100F9F0EA /* Sources */ = {
			isa = PBXSourcesBuildPhase;
			buildActionMask = 2147483647;
			files = (
				342D426A2AAA4D8100F9F0EA /* ViewController.swift in Sources */,
				342D427C2AAAB49300F9F0EA /* Quiz.swift in Sources */,
				342D42662AAA4D8100F9F0EA /* AppDelegate.swift in Sources */,
				342D42682AAA4D8100F9F0EA /* SceneDelegate.swift in Sources */,
				342D427A2AAA9A2400F9F0EA /* QuizViewController.swift in Sources */,
				342D427E2AAAC47200F9F0EA /* ResultViewController.swift in Sources */,
			);
			runOnlyForDeploymentPostprocessing = 0;
		};
/* End PBXSourcesBuildPhase section */

/* Begin PBXVariantGroup section */
		342D426B2AAA4D8100F9F0EA /* Main.storyboard */ = {
			isa = PBXVariantGroup;
			children = (
				342D426C2AAA4D8100F9F0EA /* Base */,
			);
			name = Main.storyboard;
			sourceTree = "<group>";
		};
		342D42702AAA4D8200F9F0EA /* LaunchScreen.storyboard */ = {
			isa = PBXVariantGroup;
			children = (
				342D42712AAA4D8200F9F0EA /* Base */,
			);
			name = LaunchScreen.storyboard;
			sourceTree = "<group>";
		};
/* End PBXVariantGroup section */

/* Begin XCBuildConfiguration section */
		342D42742AAA4D8200F9F0EA /* Debug */ = {
			isa = XCBuildConfiguration;
			buildSettings = {
				ALWAYS_SEARCH_USER_PATHS = NO;
				CLANG_ANALYZER_NONNULL = YES;
				CLANG_ANALYZER_NUMBER_OBJECT_CONVERSION = YES_AGGRESSIVE;
				CLANG_CXX_LANGUAGE_STANDARD = "gnu++20";
				CLANG_ENABLE_MODULES = YES;
				CLANG_ENABLE_OBJC_ARC = YES;
				CLANG_ENABLE_OBJC_WEAK = YES;
				CLANG_WARN_BLOCK_CAPTURE_AUTORELEASING = YES;
				CLANG_WARN_BOOL_CONVERSION = YES;
				CLANG_WARN_COMMA = YES;
				CLANG_WARN_CONSTANT_CONVERSION = YES;
				CLANG_WARN_DEPRECATED_OBJC_IMPLEMENTATIONS = YES;
				CLANG_WARN_DIRECT_OBJC_ISA_USAGE = YES_ERROR;
				CLANG_WARN_DOCUMENTATION_COMMENTS = YES;
				CLANG_WARN_EMPTY_BODY = YES;
				CLANG_WARN_ENUM_CONVERSION = YES;
				CLANG_WARN_INFINITE_RECURSION = YES;
				CLANG_WARN_INT_CONVERSION = YES;
				CLANG_WARN_NON_LITERAL_NULL_CONVERSION = YES;
				CLANG_WARN_OBJC_IMPLICIT_RETAIN_SELF = YES;
				CLANG_WARN_OBJC_LITERAL_CONVERSION = YES;
				CLANG_WARN_OBJC_ROOT_CLASS = YES_ERROR;
				CLANG_WARN_QUOTED_INCLUDE_IN_FRAMEWORK_HEADER = YES;
				CLANG_WARN_RANGE_LOOP_ANALYSIS = YES;
				CLANG_WARN_STRICT_PROTOTYPES = YES;
				CLANG_WARN_SUSPICIOUS_MOVE = YES;
				CLANG_WARN_UNGUARDED_AVAILABILITY = YES_AGGRESSIVE;
				CLANG_WARN_UNREACHABLE_CODE = YES;
				CLANG_WARN__DUPLICATE_METHOD_MATCH = YES;
				COPY_PHASE_STRIP = NO;
				DEBUG_INFORMATION_FORMAT = dwarf;
				ENABLE_STRICT_OBJC_MSGSEND = YES;
				ENABLE_TESTABILITY = YES;
				GCC_C_LANGUAGE_STANDARD = gnu11;
				GCC_DYNAMIC_NO_PIC = NO;
				GCC_NO_COMMON_BLOCKS = YES;
				GCC_OPTIMIZATION_LEVEL = 0;
				GCC_PREPROCESSOR_DEFINITIONS = (
					"DEBUG=1",
					"$(inherited)",
				);
				GCC_WARN_64_TO_32_BIT_CONVERSION = YES;
				GCC_WARN_ABOUT_RETURN_TYPE = YES_ERROR;
				GCC_WARN_UNDECLARED_SELECTOR = YES;
				GCC_WARN_UNINITIALIZED_AUTOS = YES_AGGRESSIVE;
				GCC_WARN_UNUSED_FUNCTION = YES;
				GCC_WARN_UNUSED_VARIABLE = YES;
				IPHONEOS_DEPLOYMENT_TARGET = 16.4;
				MTL_ENABLE_DEBUG_INFO = INCLUDE_SOURCE;
				MTL_FAST_MATH = YES;
				ONLY_ACTIVE_ARCH = YES;
				SDKROOT = iphoneos;
				SWIFT_ACTIVE_COMPILATION_CONDITIONS = DEBUG;
				SWIFT_OPTIMIZATION_LEVEL = "-Onone";
			};
			name = Debug;
		};
		342D42752AAA4D8200F9F0EA /* Release */ = {
			isa = XCBuildConfiguration;
			buildSettings = {
				ALWAYS_SEARCH_USER_PATHS = NO;
				CLANG_ANALYZER_NONNULL = YES;
				CLANG_ANALYZER_NUMBER_OBJECT_CONVERSION = YES_AGGRESSIVE;
				CLANG_CXX_LANGUAGE_STANDARD = "gnu++20";
				CLANG_ENABLE_MODULES = YES;
				CLANG_ENABLE_OBJC_ARC = YES;
				CLANG_ENABLE_OBJC_WEAK = YES;
				CLANG_WARN_BLOCK_CAPTURE_AUTORELEASING = YES;
				CLANG_WARN_BOOL_CONVERSION = YES;
				CLANG_WARN_COMMA = YES;
				CLANG_WARN_CONSTANT_CONVERSION = YES;
				CLANG_WARN_DEPRECATED_OBJC_IMPLEMENTATIONS = YES;
				CLANG_WARN_DIRECT_OBJC_ISA_USAGE = YES_ERROR;
				CLANG_WARN_DOCUMENTATION_COMMENTS = YES;
				CLANG_WARN_EMPTY_BODY = YES;
				CLANG_WARN_ENUM_CONVERSION = YES;
				CLANG_WARN_INFINITE_RECURSION = YES;
				CLANG_WARN_INT_CONVERSION = YES;
				CLANG_WARN_NON_LITERAL_NULL_CONVERSION = YES;
				CLANG_WARN_OBJC_IMPLICIT_RETAIN_SELF = YES;
				CLANG_WARN_OBJC_LITERAL_CONVERSION = YES;
				CLANG_WARN_OBJC_ROOT_CLASS = YES_ERROR;
				CLANG_WARN_QUOTED_INCLUDE_IN_FRAMEWORK_HEADER = YES;
				CLANG_WARN_RANGE_LOOP_ANALYSIS = YES;
				CLANG_WARN_STRICT_PROTOTYPES = YES;
				CLANG_WARN_SUSPICIOUS_MOVE = YES;
				CLANG_WARN_UNGUARDED_AVAILABILITY = YES_AGGRESSIVE;
				CLANG_WARN_UNREACHABLE_CODE = YES;
				CLANG_WARN__DUPLICATE_METHOD_MATCH = YES;
				COPY_PHASE_STRIP = NO;
				DEBUG_INFORMATION_FORMAT = "dwarf-with-dsym";
				ENABLE_NS_ASSERTIONS = NO;
				ENABLE_STRICT_OBJC_MSGSEND = YES;
				GCC_C_LANGUAGE_STANDARD = gnu11;
				GCC_NO_COMMON_BLOCKS = YES;
				GCC_WARN_64_TO_32_BIT_CONVERSION = YES;
				GCC_WARN_ABOUT_RETURN_TYPE = YES_ERROR;
				GCC_WARN_UNDECLARED_SELECTOR = YES;
				GCC_WARN_UNINITIALIZED_AUTOS = YES_AGGRESSIVE;
				GCC_WARN_UNUSED_FUNCTION = YES;
				GCC_WARN_UNUSED_VARIABLE = YES;
				IPHONEOS_DEPLOYMENT_TARGET = 16.4;
				MTL_ENABLE_DEBUG_INFO = NO;
				MTL_FAST_MATH = YES;
				SDKROOT = iphoneos;
				SWIFT_COMPILATION_MODE = wholemodule;
				SWIFT_OPTIMIZATION_LEVEL = "-O";
				VALIDATE_PRODUCT = YES;
			};
			name = Release;
		};
		342D42772AAA4D8200F9F0EA /* Debug */ = {
			isa = XCBuildConfiguration;
			buildSettings = {
				ASSETCATALOG_COMPILER_APPICON_NAME = AppIcon;
				ASSETCATALOG_COMPILER_GLOBAL_ACCENT_COLOR_NAME = AccentColor;
				CODE_SIGN_STYLE = Automatic;
				CURRENT_PROJECT_VERSION = 1;
				GENERATE_INFOPLIST_FILE = YES;
				INFOPLIST_FILE = IQuiz/Info.plist;
				INFOPLIST_KEY_UIApplicationSupportsIndirectInputEvents = YES;
				INFOPLIST_KEY_UILaunchStoryboardName = LaunchScreen;
				INFOPLIST_KEY_UIMainStoryboardFile = Main;
				INFOPLIST_KEY_UISupportedInterfaceOrientations = "UIInterfaceOrientationLandscapeLeft UIInterfaceOrientationLandscapeRight UIInterfaceOrientationPortrait";
				INFOPLIST_KEY_UISupportedInterfaceOrientations_iPad = "UIInterfaceOrientationLandscapeLeft UIInterfaceOrientationLandscapeRight UIInterfaceOrientationPortrait UIInterfaceOrientationPortraitUpsideDown";
				IPHONEOS_DEPLOYMENT_TARGET = 14.0;
				LD_RUNPATH_SEARCH_PATHS = (
					"$(inherited)",
					"@executable_path/Frameworks",
				);
				MARKETING_VERSION = 1.0;
				PRODUCT_BUNDLE_IDENTIFIER = ferreira.filipe.IQuiz;
				PRODUCT_NAME = "$(TARGET_NAME)";
				SWIFT_EMIT_LOC_STRINGS = YES;
				SWIFT_VERSION = 5.0;
				TARGETED_DEVICE_FAMILY = "1,2";
			};
			name = Debug;
		};
		342D42782AAA4D8200F9F0EA /* Release */ = {
			isa = XCBuildConfiguration;
			buildSettings = {
				ASSETCATALOG_COMPILER_APPICON_NAME = AppIcon;
				ASSETCATALOG_COMPILER_GLOBAL_ACCENT_COLOR_NAME = AccentColor;
				CODE_SIGN_STYLE = Automatic;
				CURRENT_PROJECT_VERSION = 1;
				GENERATE_INFOPLIST_FILE = YES;
				INFOPLIST_FILE = IQuiz/Info.plist;
				INFOPLIST_KEY_UIApplicationSupportsIndirectInputEvents = YES;
				INFOPLIST_KEY_UILaunchStoryboardName = LaunchScreen;
				INFOPLIST_KEY_UIMainStoryboardFile = Main;
				INFOPLIST_KEY_UISupportedInterfaceOrientations = "UIInterfaceOrientationLandscapeLeft UIInterfaceOrientationLandscapeRight UIInterfaceOrientationPortrait";
				INFOPLIST_KEY_UISupportedInterfaceOrientations_iPad = "UIInterfaceOrientationLandscapeLeft UIInterfaceOrientationLandscapeRight UIInterfaceOrientationPortrait UIInterfaceOrientationPortraitUpsideDown";
				IPHONEOS_DEPLOYMENT_TARGET = 14.0;
				LD_RUNPATH_SEARCH_PATHS = (
					"$(inherited)",
					"@executable_path/Frameworks",
				);
				MARKETING_VERSION = 1.0;
				PRODUCT_BUNDLE_IDENTIFIER = ferreira.filipe.IQuiz;
				PRODUCT_NAME = "$(TARGET_NAME)";
				SWIFT_EMIT_LOC_STRINGS = YES;
				SWIFT_VERSION = 5.0;
				TARGETED_DEVICE_FAMILY = "1,2";
			};
			name = Release;
		};
/* End XCBuildConfiguration section */

/* Begin XCConfigurationList section */
		342D425D2AAA4D8100F9F0EA /* Build configuration list for PBXProject "IQuiz" */ = {
			isa = XCConfigurationList;
			buildConfigurations = (
				342D42742AAA4D8200F9F0EA /* Debug */,
				342D42752AAA4D8200F9F0EA /* Release */,
			);
			defaultConfigurationIsVisible = 0;
			defaultConfigurationName = Release;
		};
		342D42762AAA4D8200F9F0EA /* Build configuration list for PBXNativeTarget "IQuiz" */ = {
			isa = XCConfigurationList;
			buildConfigurations = (
				342D42772AAA4D8200F9F0EA /* Debug */,
				342D42782AAA4D8200F9F0EA /* Release */,
			);
			defaultConfigurationIsVisible = 0;
			defaultConfigurationName = Release;
		};
/* End XCConfigurationList section */
	};
	rootObject = 342D425A2AAA4D8100F9F0EA /* Project object */;
}
